
Microsoft Visual Studio Solution File, Format Version 12.00
# Visual Studio 15
VisualStudioVersion = 15.0.28307.1800
MinimumVisualStudioVersion = 10.0.40219.1
Project("{FAE04EC0-301F-11D3-BF4B-00C04F79EFBC}") = "WeatherDesktopClient", "WeatherDesktopClient\WeatherDesktopClient.csproj", "{11203C00-DCDE-460E-8B09-61DB99069359}"
EndProject
Global
	GlobalSection(SolutionConfigurationPlatforms) = preSolution
		Debug|Any CPU = Debug|Any CPU
		Release|Any CPU = Release|Any CPU
	EndGlobalSection
	GlobalSection(ProjectConfigurationPlatforms) = postSolution
		{11203C00-DCDE-460E-8B09-61DB99069359}.Debug|Any CPU.ActiveCfg = Debug|Any CPU
		{11203C00-DCDE-460E-8B09-61DB99069359}.Debug|Any CPU.Build.0 = Debug|Any CPU
		{11203C00-DCDE-460E-8B09-61DB99069359}.Release|Any CPU.ActiveCfg = Release|Any CPU
		{11203C00-DCDE-460E-8B09-61DB99069359}.Release|Any CPU.Build.0 = Release|Any CPU
	EndGlobalSection
	GlobalSection(SolutionProperties) = preSolution
		HideSolutionNode = FALSE
	EndGlobalSection
	GlobalSection(ExtensibilityGlobals) = postSolution
		SolutionGuid = {16AC5318-6101-4ADF-8A13-9D5DE35FF0E7}
	EndGlobalSection
EndGlobal
